<?xml version="1.0" encoding="utf-8"?>
<Project ToolsVersion="4.0" xmlns="http://schemas.microsoft.com/developer/msbuild/2003">
  <ItemGroup>
    <Filter Include="source">
      <UniqueIdentifier>{c5ca9225-0c0f-471d-9401-b4e2846054e1}</UniqueIdentifier>
      <Extensions>cpp;c;cxx;def;odl;idl;hpj;bat;asm</Extensions>
    </Filter>
    <Filter Include="include">
      <UniqueIdentifier>{434e2484-3756-4cbb-9934-2b52483af0bf}</UniqueIdentifier>
      <Extensions>h;hpp;hxx;hm;inl;inc</Extensions>
    </Filter>
    <Filter Include="resource">
      <UniqueIdentifier>{bb947d7f-3166-4327-93f1-30e380a2bfac}</UniqueIdentifier>
      <Extensions>rc;ico;cur;bmp;dlg;rc2;rct;bin;rgs;jpg;jpeg;jpe;png;manifest</Extensions>
    </Filter>
  </ItemGroup>
  <ItemGroup>
    <Image Include="res\ChickenCrossing.ico">
      <Filter>resource</Filter>
    </Image>
    <Image Include="..\Resources\CloseSelected.png">
      <Filter>resource</Filter>
    </Image>
    <Image Include="..\Resources\CloseNormal.png">
      <Filter>resource</Filter>
    </Image>
    <Image Include="..\Resources\HelloWorld.png">
      <Filter>resource</Filter>
    </Image>
    <Image Include="..\Resources\bus.png">
      <Filter>resource</Filter>
    </Image>
    <Image Include="..\Resources\cat.png">
      <Filter>resource</Filter>
    </Image>
    <Image Include="..\Resources\dog.png">
      <Filter>resource</Filter>
    </Image>
    <Image Include="..\Resources\pig.png">
      <Filter>resource</Filter>
    </Image>
    <Image Include="..\Resources\red_car.png">
      <Filter>resource</Filter>
    </Image>
    <Image Include="..\Resources\small_chicken.png">
      <Filter>resource</Filter>
    </Image>
    <Image Include="..\Resources\white_truck.png">
      <Filter>resource</Filter>
    </Image>
    <Image Include="..\Resources\brown_egg.png">
      <Filter>resource</Filter>
    </Image>
    <Image Include="..\Resources\background1.png">
      <Filter>resource</Filter>
    </Image>
    <Image Include="..\Resources\background2.png">
      <Filter>resource</Filter>
    </Image>
    <Image Include="..\Resources\background3.png">
      <Filter>resource</Filter>
    </Image>
    <Image Include="..\Resources\log_large.png">
      <Filter>resource</Filter>
    </Image>
    <Image Include="..\Resources\log_small.png">
      <Filter>resource</Filter>
    </Image>
  </ItemGroup>
  <ItemGroup>
    <ResourceCompile Include="ChickenCrossing.rc">
      <Filter>resource</Filter>
    </ResourceCompile>
  </ItemGroup>
  <ItemGroup>
    <ClInclude Include="resource.h">
      <Filter>include</Filter>
    </ClInclude>
    <ClInclude Include="main.h">
      <Filter>include</Filter>
    </ClInclude>
    <ClInclude Include="..\Classes\AppDelegate.h">
      <Filter>include</Filter>
    </ClInclude>
    <ClInclude Include="..\Classes\Bus.h">
      <Filter>include</Filter>
    </ClInclude>
    <ClInclude Include="..\Classes\Car.h">
      <Filter>include</Filter>
    </ClInclude>
    <ClInclude Include="..\Classes\Chicken.h">
      <Filter>include</Filter>
    </ClInclude>
    <ClInclude Include="..\Classes\MenuScene.h">
      <Filter>include</Filter>
    </ClInclude>
    <ClInclude Include="..\Classes\SpriteContainer.h">
      <Filter>include</Filter>
    </ClInclude>
    <ClInclude Include="..\Classes\Truck.h">
      <Filter>include</Filter>
    </ClInclude>
    <ClInclude Include="..\Classes\Vehicle.h">
      <Filter>include</Filter>
    </ClInclude>
    <ClInclude Include="..\Classes\Background.h">
      <Filter>include</Filter>
    </ClInclude>
    <ClInclude Include="..\Classes\Egg.h">
      <Filter>include</Filter>
    </ClInclude>
    <ClInclude Include="..\Classes\HUDLayer.h">
      <Filter>include</Filter>
    </ClInclude>
    <ClInclude Include="..\Classes\GameLayer.h">
      <Filter>include</Filter>
    </ClInclude>
    <ClInclude Include="..\Classes\Log.h">
      <Filter>include</Filter>
    </ClInclude>
    <ClInclude Include="..\Classes\LevelManager.h">
      <Filter>include</Filter>
    </ClInclude>
    <ClInclude Include="..\Classes\Level.h">
      <Filter>include</Filter>
    </ClInclude>
  </ItemGroup>
  <ItemGroup>
    <ClCompile Include="main.cpp">
      <Filter>source</Filter>
    </ClCompile>
    <ClCompile Include="..\Classes\AppDelegate.cpp">
      <Filter>source</Filter>
    </ClCompile>
    <ClCompile Include="..\Classes\Bus.cpp">
      <Filter>source</Filter>
    </ClCompile>
    <ClCompile Include="..\Classes\Car.cpp">
      <Filter>source</Filter>
    </ClCompile>
    <ClCompile Include="..\Classes\Chicken.cpp">
      <Filter>source</Filter>
    </ClCompile>
    <ClCompile Include="..\Classes\MenuScene.cpp">
      <Filter>source</Filter>
    </ClCompile>
    <ClCompile Include="..\Classes\SpriteContainer.cpp">
      <Filter>source</Filter>
    </ClCompile>
    <ClCompile Include="..\Classes\Truck.cpp">
      <Filter>source</Filter>
    </ClCompile>
    <ClCompile Include="..\Classes\Vehicle.cpp">
      <Filter>source</Filter>
    </ClCompile>
    <ClCompile Include="..\Classes\Background.cpp">
      <Filter>source</Filter>
    </ClCompile>
    <ClCompile Include="..\Classes\Egg.cpp">
      <Filter>source</Filter>
    </ClCompile>
    <ClCompile Include="..\Classes\HUDLayer.cpp">
      <Filter>source</Filter>
    </ClCompile>
    <ClCompile Include="..\Classes\GameLayer.cpp">
      <Filter>source</Filter>
    </ClCompile>
    <ClCompile Include="..\Classes\Log.cpp">
      <Filter>source</Filter>
    </ClCompile>
    <ClCompile Include="..\Classes\LevelManager.cpp">
      <Filter>source</Filter>
    </ClCompile>
    <ClCompile Include="..\Classes\Level.cpp">
      <Filter>source</Filter>
    </ClCompile>
  </ItemGroup>
  <ItemGroup>
    <Text Include="TODO.txt" />
  </ItemGroup>
  <ItemGroup>
    <None Include="..\Resources\levels.plist">
      <Filter>resource</Filter>
    </None>
  </ItemGroup>
</Project>